{
  "version": 4,
  "terraform_version": "1.1.3",
  "serial": 16,
  "lineage": "22cd1be0-4a3b-8395-b758-9cb6424c5213",
  "outputs": {},
  "resources": [
    {
      "mode": "managed",
      "type": "google_bigquery_dataset",
      "name": "bigquery_dataset",
      "provider": "provider[\"registry.terraform.io/hashicorp/google\"]",
      "instances": [
        {
          "schema_version": 0,
          "attributes": {
            "access": [
              {
                "dataset": [],
                "domain": "",
                "group_by_email": "",
                "role": "OWNER",
                "special_group": "",
                "user_by_email": "data-owner@test-asasaki.iam.gserviceaccount.com",
                "view": []
              },
              {
                "dataset": [],
                "domain": "",
                "group_by_email": "",
                "role": "OWNER",
                "special_group": "projectOwners",
                "user_by_email": "",
                "view": []
              },
              {
                "dataset": [],
                "domain": "",
                "group_by_email": "",
                "role": "READER",
                "special_group": "projectReaders",
                "user_by_email": "",
                "view": []
              },
              {
                "dataset": [],
                "domain": "",
                "group_by_email": "",
                "role": "WRITER",
                "special_group": "projectWriters",
                "user_by_email": "",
                "view": []
              }
            ],
            "creation_time": 1647084520125,
            "dataset_id": "asasaki_data_infra_dataset",
            "default_encryption_configuration": [],
            "default_partition_expiration_ms": 0,
            "default_table_expiration_ms": 0,
            "delete_contents_on_destroy": false,
            "description": "",
            "etag": "U+F4eu0oweFNwfJ4IRO/kQ==",
            "friendly_name": "asasaki_data_infra_dataset",
            "id": "projects/test-asasaki/datasets/asasaki_data_infra_dataset",
            "labels": {},
            "last_modified_time": 1647084520125,
            "location": "us-central1",
            "project": "test-asasaki",
            "self_link": "https://bigquery.googleapis.com/bigquery/v2/projects/test-asasaki/datasets/asasaki_data_infra_dataset",
            "timeouts": null
          },
          "sensitive_attributes": [],
          "private": "eyJlMmJmYjczMC1lY2FhLTExZTYtOGY4OC0zNDM2M2JjN2M0YzAiOnsiY3JlYXRlIjoxMjAwMDAwMDAwMDAwLCJkZWxldGUiOjEyMDAwMDAwMDAwMDAsInVwZGF0ZSI6MTIwMDAwMDAwMDAwMH19"
        }
      ]
    },
    {
      "mode": "managed",
      "type": "google_composer_environment",
      "name": "composer",
      "provider": "provider[\"registry.terraform.io/hashicorp/google\"]",
      "instances": [
        {
          "schema_version": 0,
          "attributes": {
            "config": [
              {
                "airflow_uri": "https://37f3869bd2e24e499249132213961f5f-dot-us-central1.composer.googleusercontent.com",
                "dag_gcs_prefix": "gs://us-central1-composer-env-f2b11230-bucket/dags",
                "database_config": [],
                "encryption_config": [
                  {
                    "kms_key_name": ""
                  }
                ],
                "environment_size": "ENVIRONMENT_SIZE_SMALL",
                "gke_cluster": "projects/test-asasaki/locations/us-central1/clusters/us-central1-composer-env-f2b11230-gke",
                "maintenance_window": [
                  {
                    "end_time": "1970-01-01T04:00:00Z",
                    "recurrence": "FREQ=WEEKLY;BYDAY=FR,SA,SU",
                    "start_time": "1970-01-01T00:00:00Z"
                  }
                ],
                "node_config": [
                  {
                    "disk_size_gb": 0,
                    "ip_allocation_policy": [
                      {
                        "cluster_ipv4_cidr_block": "",
                        "cluster_secondary_range_name": "",
                        "services_ipv4_cidr_block": "",
                        "services_secondary_range_name": "",
                        "use_ip_aliases": false
                      }
                    ],
                    "machine_type": "",
                    "network": "projects/test-asasaki/global/networks/composer-network3",
                    "oauth_scopes": [],
                    "service_account": "data-owner@test-asasaki.iam.gserviceaccount.com",
                    "subnetwork": "projects/test-asasaki/regions/us-central1/subnetworks/composer-subnetwork",
                    "tags": null,
                    "zone": ""
                  }
                ],
                "node_count": 0,
                "private_environment_config": [
                  {
                    "cloud_composer_network_ipv4_cidr_block": "172.31.245.0/24",
                    "cloud_sql_ipv4_cidr_block": "10.0.0.0/12",
                    "enable_private_endpoint": false,
                    "master_ipv4_cidr_block": "",
                    "web_server_ipv4_cidr_block": ""
                  }
                ],
                "software_config": [
                  {
                    "airflow_config_overrides": null,
                    "env_variables": null,
                    "image_version": "composer-2.0.0-preview.3-airflow-2.1.2",
                    "pypi_packages": null,
                    "python_version": "",
                    "scheduler_count": 0
                  }
                ],
                "web_server_config": [],
                "web_server_network_access_control": [
                  {
                    "allowed_ip_range": [
                      {
                        "description": "Allows access from all IPv4 addresses (default value)",
                        "value": "0.0.0.0/0"
                      },
                      {
                        "description": "Allows access from all IPv6 addresses (default value)",
                        "value": "::0/0"
                      }
                    ]
                  }
                ],
                "workloads_config": [
                  {
                    "scheduler": [
                      {
                        "count": 1,
                        "cpu": 0.5,
                        "memory_gb": 1.875,
                        "storage_gb": 1
                      }
                    ],
                    "web_server": [
                      {
                        "cpu": 0.5,
                        "memory_gb": 1.875,
                        "storage_gb": 1
                      }
                    ],
                    "worker": [
                      {
                        "cpu": 0.5,
                        "max_count": 3,
                        "memory_gb": 1.875,
                        "min_count": 1,
                        "storage_gb": 1
                      }
                    ]
                  }
                ]
              }
            ],
            "id": "projects/test-asasaki/locations/us-central1/environments/composer-env",
            "labels": null,
            "name": "composer-env",
            "project": "test-asasaki",
            "region": "us-central1",
            "timeouts": null
          },
          "sensitive_attributes": [],
          "private": "eyJlMmJmYjczMC1lY2FhLTExZTYtOGY4OC0zNDM2M2JjN2M0YzAiOnsiY3JlYXRlIjo3MjAwMDAwMDAwMDAwLCJkZWxldGUiOjE4MDAwMDAwMDAwMDAsInVwZGF0ZSI6NzIwMDAwMDAwMDAwMH19",
          "dependencies": [
            "google_compute_network.network",
            "google_compute_subnetwork.subnet"
          ]
        }
      ]
    },
    {
      "mode": "managed",
      "type": "google_compute_network",
      "name": "network",
      "provider": "provider[\"registry.terraform.io/hashicorp/google\"]",
      "instances": [
        {
          "schema_version": 0,
          "attributes": {
            "auto_create_subnetworks": false,
            "delete_default_routes_on_create": false,
            "description": "",
            "gateway_ipv4": "",
            "id": "projects/test-asasaki/global/networks/composer-network3",
            "mtu": 0,
            "name": "composer-network3",
            "project": "test-asasaki",
            "routing_mode": "REGIONAL",
            "self_link": "https://www.googleapis.com/compute/v1/projects/test-asasaki/global/networks/composer-network3",
            "timeouts": null
          },
          "sensitive_attributes": [],
          "private": "eyJlMmJmYjczMC1lY2FhLTExZTYtOGY4OC0zNDM2M2JjN2M0YzAiOnsiY3JlYXRlIjoxMjAwMDAwMDAwMDAwLCJkZWxldGUiOjEyMDAwMDAwMDAwMDAsInVwZGF0ZSI6MTIwMDAwMDAwMDAwMH19"
        }
      ]
    },
    {
      "mode": "managed",
      "type": "google_compute_subnetwork",
      "name": "subnet",
      "provider": "provider[\"registry.terraform.io/hashicorp/google\"]",
      "instances": [
        {
          "schema_version": 0,
          "attributes": {
            "creation_timestamp": "2022-03-25T22:12:55.251-07:00",
            "description": "",
            "external_ipv6_prefix": "",
            "fingerprint": null,
            "gateway_address": "10.2.0.1",
            "id": "projects/test-asasaki/regions/us-central1/subnetworks/composer-subnetwork",
            "ip_cidr_range": "10.2.0.0/16",
            "ipv6_access_type": "",
            "ipv6_cidr_range": "",
            "log_config": [],
            "name": "composer-subnetwork",
            "network": "https://www.googleapis.com/compute/v1/projects/test-asasaki/global/networks/composer-network3",
            "private_ip_google_access": false,
            "private_ipv6_google_access": "DISABLE_GOOGLE_ACCESS",
            "project": "test-asasaki",
            "purpose": "PRIVATE",
            "region": "us-central1",
            "role": "",
            "secondary_ip_range": [],
            "self_link": "https://www.googleapis.com/compute/v1/projects/test-asasaki/regions/us-central1/subnetworks/composer-subnetwork",
            "stack_type": "IPV4_ONLY",
            "timeouts": null
          },
          "sensitive_attributes": [],
          "private": "eyJlMmJmYjczMC1lY2FhLTExZTYtOGY4OC0zNDM2M2JjN2M0YzAiOnsiY3JlYXRlIjoxMjAwMDAwMDAwMDAwLCJkZWxldGUiOjEyMDAwMDAwMDAwMDAsInVwZGF0ZSI6MTIwMDAwMDAwMDAwMH19",
          "dependencies": [
            "google_compute_network.network"
          ]
        }
      ]
    }
  ]
}
